{
  "name": "purify-ts-io",
  "version": "1.0.0",
  "lockfileVersion": 3,
  "requires": true,
  "packages": {
    "": {
      "name": "purify-ts-io",
      "version": "1.0.0",
      "license": "ISC",
      "dependencies": {
        "purify-ts": "^2.1.0"
      },
      "devDependencies": {
        "typescript": "5.6.3"
      }
    },
    "node_modules/@types/json-schema": {
      "version": "7.0.15",
      "resolved": "https://nexus.visma.com/repository/npm-all/@types/json-schema/-/json-schema-7.0.15.tgz",
      "integrity": "sha512-5+fP8P8MFNC+AyZCDxrB2pkZFPGzqQWUzpSeuuVLvm8VMcorNYavBqoFcxK8bQz4Qsbn4oUEEem4wDLfcysGHA==",
      "license": "MIT"
    },
    "node_modules/purify-ts": {
      "version": "2.1.0",
      "resolved": "https://nexus.visma.com/repository/npm-all/purify-ts/-/purify-ts-2.1.0.tgz",
      "integrity": "sha512-+KNUHV9FxB9BbjadFdvxa+LNJIaqZmSF7CQH5Rv6+f0rBzsxm9FEqrvkALQbWYJobAja2ZCbBDUY7O4fH2znMA==",
      "license": "ISC",
      "dependencies": {
        "@types/json-schema": "7.0.15"
      }
    },
    "node_modules/typescript": {
      "version": "5.6.3",
      "resolved": "https://nexus.visma.com/repository/npm-all/typescript/-/typescript-5.6.3.tgz",
      "integrity": "sha512-hjcS1mhfuyi4WW8IWtjP7brDrG2cuDZukyrYrSauoXGNgx0S7zceP07adYkJycEr56BOUTNPzbInooiN3fn1qw==",
      "dev": true,
      "license": "Apache-2.0",
      "bin": {
        "tsc": "bin/tsc",
        "tsserver": "bin/tsserver"
      },
      "engines": {
        "node": ">=14.17"
      }
    }
  }
}
